
Microsoft Visual Studio Solution File, Format Version 12.00
# Visual Studio Version 16
VisualStudioVersion = 16.0.30320.27
MinimumVisualStudioVersion = 10.0.40219.1
Project("{FAE04EC0-301F-11D3-BF4B-00C04F79EFBC}") = "AdventOfCode", "AdventOfCode\AdventOfCode.csproj", "{55AB5AFF-22A3-4934-97CD-5FEF1F13C403}"
EndProject
Global
	GlobalSection(SolutionConfigurationPlatforms) = preSolution
		Debug|Any CPU = Debug|Any CPU
		Release|Any CPU = Release|Any CPU
	EndGlobalSection
	GlobalSection(ProjectConfigurationPlatforms) = postSolution
		{55AB5AFF-22A3-4934-97CD-5FEF1F13C403}.Debug|Any CPU.ActiveCfg = Debug|Any CPU
		{55AB5AFF-22A3-4934-97CD-5FEF1F13C403}.Debug|Any CPU.Build.0 = Debug|Any CPU
		{55AB5AFF-22A3-4934-97CD-5FEF1F13C403}.Release|Any CPU.ActiveCfg = Release|Any CPU
		{55AB5AFF-22A3-4934-97CD-5FEF1F13C403}.Release|Any CPU.Build.0 = Release|Any CPU
	EndGlobalSection
	GlobalSection(SolutionProperties) = preSolution
		HideSolutionNode = FALSE
	EndGlobalSection
	GlobalSection(ExtensibilityGlobals) = postSolution
		SolutionGuid = {719ABEBE-B947-410F-83DC-D35F9A1E8B6C}
	EndGlobalSection
EndGlobal
